
Microsoft Visual Studio Solution File, Format Version 12.00
# Visual Studio Version 17
VisualStudioVersion = 17.7.34003.232
MinimumVisualStudioVersion = 10.0.40219.1
Project("{2150E333-8FDC-42A3-9474-1A3956D46DE8}") = "10 Anotaciones", "10 Anotaciones", "{8E51C252-8FDD-4468-BCE1-8F1E020E051D}"
	ProjectSection(SolutionItems) = preProject
		..\n_capas\Comunicacion.txt = ..\n_capas\Comunicacion.txt
		..\n_capas\Librerias.txt = ..\n_capas\Librerias.txt
		..\n_capas\Mapeo_DB.txt = ..\n_capas\Mapeo_DB.txt
		..\n_capas\Structure.txt = ..\n_capas\Structure.txt
	EndProjectSection
EndProject
Project("{2150E333-8FDC-42A3-9474-1A3956D46DE8}") = "01 Apis", "01 Apis", "{5FB4E050-5402-4767-A0AA-DE00EA71314F}"
EndProject
Project("{2150E333-8FDC-42A3-9474-1A3956D46DE8}") = "02 Bussines", "02 Bussines", "{55A4CD53-357E-444A-AF40-B0BAE28D1E2C}"
EndProject
Project("{2150E333-8FDC-42A3-9474-1A3956D46DE8}") = "03 Service", "03 Service", "{21767AEB-11C3-43C0-A079-180954009DE1}"
EndProject
Project("{2150E333-8FDC-42A3-9474-1A3956D46DE8}") = "04 Repository", "04 Repository", "{574CDEEE-9F2A-4929-BEE3-A35A3139982C}"
EndProject
Project("{2150E333-8FDC-42A3-9474-1A3956D46DE8}") = "05 Models", "05 Models", "{5074E394-1454-4CA5-A81A-DCD944AE1769}"
EndProject
Project("{2150E333-8FDC-42A3-9474-1A3956D46DE8}") = "06 Utilitarios", "06 Utilitarios", "{650750C9-68EC-46ED-9DB7-925E63542D58}"
EndProject
Project("{2150E333-8FDC-42A3-9474-1A3956D46DE8}") = "07 GeneradorArchivos", "07 GeneradorArchivos", "{C30F1E61-EB45-4C01-B9C0-4DA01BD5CA11}"
EndProject
Project("{FAE04EC0-301F-11D3-BF4B-00C04F79EFBC}") = "ApiWeb", "ApiWeb\ApiWeb.csproj", "{F31F5F61-B5F3-4193-8103-C1DE1C1A4B02}"
EndProject
Project("{FAE04EC0-301F-11D3-BF4B-00C04F79EFBC}") = "IBusiness", "IBusiness\IBusiness.csproj", "{95A5165D-44BD-4A7D-9F3D-F0BD4AD4FF83}"
EndProject
Project("{FAE04EC0-301F-11D3-BF4B-00C04F79EFBC}") = "Business", "Business\Business.csproj", "{98EFF3E4-EBF3-4C2D-A51D-7F69AFC12BA2}"
EndProject
Project("{FAE04EC0-301F-11D3-BF4B-00C04F79EFBC}") = "IService", "IService\IService.csproj", "{BB6220C9-DDEE-437C-90EF-32C8BE48ABAC}"
EndProject
Project("{FAE04EC0-301F-11D3-BF4B-00C04F79EFBC}") = "Service", "Service\Service.csproj", "{2A212ABE-8D99-400C-805E-F7DD45CC8D6A}"
EndProject
Project("{FAE04EC0-301F-11D3-BF4B-00C04F79EFBC}") = "IRepository", "IRepository\IRepository.csproj", "{88E79821-396B-4A09-AAAD-5072737F4781}"
EndProject
Project("{FAE04EC0-301F-11D3-BF4B-00C04F79EFBC}") = "Repository", "Repository\Repository.csproj", "{D4F3DABF-D128-469E-9272-5C8EF07EE1C8}"
EndProject
Project("{FAE04EC0-301F-11D3-BF4B-00C04F79EFBC}") = "CommonModels", "CommonModels\CommonModels.csproj", "{EC300097-957C-468F-B03C-B526014CA7C4}"
EndProject
Project("{FAE04EC0-301F-11D3-BF4B-00C04F79EFBC}") = "DBTramiteDocumentarioModels", "DBTramiteDocumentarioModels\DBTramiteDocumentarioModels.csproj", "{40E68B1E-7251-4A4D-9413-F5957159BBA3}"
EndProject
Project("{FAE04EC0-301F-11D3-BF4B-00C04F79EFBC}") = "RequestResponstModels", "RequestResponstModels\RequestResponstModels.csproj", "{C1632D81-A444-42A3-AD5B-670B3F1D4E35}"
EndProject
Project("{FAE04EC0-301F-11D3-BF4B-00C04F79EFBC}") = "UtilAutoMaper", "UtilAutoMaper\UtilAutoMaper.csproj", "{16C329F2-9F5F-4197-9A07-4C0FAE521D7D}"
EndProject
Project("{FAE04EC0-301F-11D3-BF4B-00C04F79EFBC}") = "UtilConstant", "UtilConstant\UtilConstant.csproj", "{0B3C81DA-519A-4312-B230-8177F45BB612}"
EndProject
Project("{FAE04EC0-301F-11D3-BF4B-00C04F79EFBC}") = "UtilSecurity", "UtilSecurity\UtilSecurity.csproj", "{4F65A60E-EC41-49EB-9A65-536E1CE5B8E2}"
EndProject
Project("{FAE04EC0-301F-11D3-BF4B-00C04F79EFBC}") = "UtilExcel", "UtilExcel\UtilExcel.csproj", "{6E10A86C-4D18-4ABD-AAED-0AE73D91283E}"
EndProject
Project("{FAE04EC0-301F-11D3-BF4B-00C04F79EFBC}") = "UtilPdf", "UtilPdf\UtilPdf.csproj", "{9B4B79A8-A6E2-4FDF-BE47-7D6A73159AA5}"
EndProject
Global
	GlobalSection(SolutionConfigurationPlatforms) = preSolution
		Debug|Any CPU = Debug|Any CPU
		Release|Any CPU = Release|Any CPU
	EndGlobalSection
	GlobalSection(ProjectConfigurationPlatforms) = postSolution
		{F31F5F61-B5F3-4193-8103-C1DE1C1A4B02}.Debug|Any CPU.ActiveCfg = Debug|Any CPU
		{F31F5F61-B5F3-4193-8103-C1DE1C1A4B02}.Debug|Any CPU.Build.0 = Debug|Any CPU
		{F31F5F61-B5F3-4193-8103-C1DE1C1A4B02}.Release|Any CPU.ActiveCfg = Release|Any CPU
		{F31F5F61-B5F3-4193-8103-C1DE1C1A4B02}.Release|Any CPU.Build.0 = Release|Any CPU
		{95A5165D-44BD-4A7D-9F3D-F0BD4AD4FF83}.Debug|Any CPU.ActiveCfg = Debug|Any CPU
		{95A5165D-44BD-4A7D-9F3D-F0BD4AD4FF83}.Debug|Any CPU.Build.0 = Debug|Any CPU
		{95A5165D-44BD-4A7D-9F3D-F0BD4AD4FF83}.Release|Any CPU.ActiveCfg = Release|Any CPU
		{95A5165D-44BD-4A7D-9F3D-F0BD4AD4FF83}.Release|Any CPU.Build.0 = Release|Any CPU
		{98EFF3E4-EBF3-4C2D-A51D-7F69AFC12BA2}.Debug|Any CPU.ActiveCfg = Debug|Any CPU
		{98EFF3E4-EBF3-4C2D-A51D-7F69AFC12BA2}.Debug|Any CPU.Build.0 = Debug|Any CPU
		{98EFF3E4-EBF3-4C2D-A51D-7F69AFC12BA2}.Release|Any CPU.ActiveCfg = Release|Any CPU
		{98EFF3E4-EBF3-4C2D-A51D-7F69AFC12BA2}.Release|Any CPU.Build.0 = Release|Any CPU
		{BB6220C9-DDEE-437C-90EF-32C8BE48ABAC}.Debug|Any CPU.ActiveCfg = Debug|Any CPU
		{BB6220C9-DDEE-437C-90EF-32C8BE48ABAC}.Debug|Any CPU.Build.0 = Debug|Any CPU
		{BB6220C9-DDEE-437C-90EF-32C8BE48ABAC}.Release|Any CPU.ActiveCfg = Release|Any CPU
		{BB6220C9-DDEE-437C-90EF-32C8BE48ABAC}.Release|Any CPU.Build.0 = Release|Any CPU
		{2A212ABE-8D99-400C-805E-F7DD45CC8D6A}.Debug|Any CPU.ActiveCfg = Debug|Any CPU
		{2A212ABE-8D99-400C-805E-F7DD45CC8D6A}.Debug|Any CPU.Build.0 = Debug|Any CPU
		{2A212ABE-8D99-400C-805E-F7DD45CC8D6A}.Release|Any CPU.ActiveCfg = Release|Any CPU
		{2A212ABE-8D99-400C-805E-F7DD45CC8D6A}.Release|Any CPU.Build.0 = Release|Any CPU
		{88E79821-396B-4A09-AAAD-5072737F4781}.Debug|Any CPU.ActiveCfg = Debug|Any CPU
		{88E79821-396B-4A09-AAAD-5072737F4781}.Debug|Any CPU.Build.0 = Debug|Any CPU
		{88E79821-396B-4A09-AAAD-5072737F4781}.Release|Any CPU.ActiveCfg = Release|Any CPU
		{88E79821-396B-4A09-AAAD-5072737F4781}.Release|Any CPU.Build.0 = Release|Any CPU
		{D4F3DABF-D128-469E-9272-5C8EF07EE1C8}.Debug|Any CPU.ActiveCfg = Debug|Any CPU
		{D4F3DABF-D128-469E-9272-5C8EF07EE1C8}.Debug|Any CPU.Build.0 = Debug|Any CPU
		{D4F3DABF-D128-469E-9272-5C8EF07EE1C8}.Release|Any CPU.ActiveCfg = Release|Any CPU
		{D4F3DABF-D128-469E-9272-5C8EF07EE1C8}.Release|Any CPU.Build.0 = Release|Any CPU
		{EC300097-957C-468F-B03C-B526014CA7C4}.Debug|Any CPU.ActiveCfg = Debug|Any CPU
		{EC300097-957C-468F-B03C-B526014CA7C4}.Debug|Any CPU.Build.0 = Debug|Any CPU
		{EC300097-957C-468F-B03C-B526014CA7C4}.Release|Any CPU.ActiveCfg = Release|Any CPU
		{EC300097-957C-468F-B03C-B526014CA7C4}.Release|Any CPU.Build.0 = Release|Any CPU
		{40E68B1E-7251-4A4D-9413-F5957159BBA3}.Debug|Any CPU.ActiveCfg = Debug|Any CPU
		{40E68B1E-7251-4A4D-9413-F5957159BBA3}.Debug|Any CPU.Build.0 = Debug|Any CPU
		{40E68B1E-7251-4A4D-9413-F5957159BBA3}.Release|Any CPU.ActiveCfg = Release|Any CPU
		{40E68B1E-7251-4A4D-9413-F5957159BBA3}.Release|Any CPU.Build.0 = Release|Any CPU
		{C1632D81-A444-42A3-AD5B-670B3F1D4E35}.Debug|Any CPU.ActiveCfg = Debug|Any CPU
		{C1632D81-A444-42A3-AD5B-670B3F1D4E35}.Debug|Any CPU.Build.0 = Debug|Any CPU
		{C1632D81-A444-42A3-AD5B-670B3F1D4E35}.Release|Any CPU.ActiveCfg = Release|Any CPU
		{C1632D81-A444-42A3-AD5B-670B3F1D4E35}.Release|Any CPU.Build.0 = Release|Any CPU
		{16C329F2-9F5F-4197-9A07-4C0FAE521D7D}.Debug|Any CPU.ActiveCfg = Debug|Any CPU
		{16C329F2-9F5F-4197-9A07-4C0FAE521D7D}.Debug|Any CPU.Build.0 = Debug|Any CPU
		{16C329F2-9F5F-4197-9A07-4C0FAE521D7D}.Release|Any CPU.ActiveCfg = Release|Any CPU
		{16C329F2-9F5F-4197-9A07-4C0FAE521D7D}.Release|Any CPU.Build.0 = Release|Any CPU
		{0B3C81DA-519A-4312-B230-8177F45BB612}.Debug|Any CPU.ActiveCfg = Debug|Any CPU
		{0B3C81DA-519A-4312-B230-8177F45BB612}.Debug|Any CPU.Build.0 = Debug|Any CPU
		{0B3C81DA-519A-4312-B230-8177F45BB612}.Release|Any CPU.ActiveCfg = Release|Any CPU
		{0B3C81DA-519A-4312-B230-8177F45BB612}.Release|Any CPU.Build.0 = Release|Any CPU
		{4F65A60E-EC41-49EB-9A65-536E1CE5B8E2}.Debug|Any CPU.ActiveCfg = Debug|Any CPU
		{4F65A60E-EC41-49EB-9A65-536E1CE5B8E2}.Debug|Any CPU.Build.0 = Debug|Any CPU
		{4F65A60E-EC41-49EB-9A65-536E1CE5B8E2}.Release|Any CPU.ActiveCfg = Release|Any CPU
		{4F65A60E-EC41-49EB-9A65-536E1CE5B8E2}.Release|Any CPU.Build.0 = Release|Any CPU
		{6E10A86C-4D18-4ABD-AAED-0AE73D91283E}.Debug|Any CPU.ActiveCfg = Debug|Any CPU
		{6E10A86C-4D18-4ABD-AAED-0AE73D91283E}.Debug|Any CPU.Build.0 = Debug|Any CPU
		{6E10A86C-4D18-4ABD-AAED-0AE73D91283E}.Release|Any CPU.ActiveCfg = Release|Any CPU
		{6E10A86C-4D18-4ABD-AAED-0AE73D91283E}.Release|Any CPU.Build.0 = Release|Any CPU
		{9B4B79A8-A6E2-4FDF-BE47-7D6A73159AA5}.Debug|Any CPU.ActiveCfg = Debug|Any CPU
		{9B4B79A8-A6E2-4FDF-BE47-7D6A73159AA5}.Debug|Any CPU.Build.0 = Debug|Any CPU
		{9B4B79A8-A6E2-4FDF-BE47-7D6A73159AA5}.Release|Any CPU.ActiveCfg = Release|Any CPU
		{9B4B79A8-A6E2-4FDF-BE47-7D6A73159AA5}.Release|Any CPU.Build.0 = Release|Any CPU
	EndGlobalSection
	GlobalSection(SolutionProperties) = preSolution
		HideSolutionNode = FALSE
	EndGlobalSection
	GlobalSection(NestedProjects) = preSolution
		{F31F5F61-B5F3-4193-8103-C1DE1C1A4B02} = {5FB4E050-5402-4767-A0AA-DE00EA71314F}
		{95A5165D-44BD-4A7D-9F3D-F0BD4AD4FF83} = {55A4CD53-357E-444A-AF40-B0BAE28D1E2C}
		{98EFF3E4-EBF3-4C2D-A51D-7F69AFC12BA2} = {55A4CD53-357E-444A-AF40-B0BAE28D1E2C}
		{BB6220C9-DDEE-437C-90EF-32C8BE48ABAC} = {21767AEB-11C3-43C0-A079-180954009DE1}
		{2A212ABE-8D99-400C-805E-F7DD45CC8D6A} = {21767AEB-11C3-43C0-A079-180954009DE1}
		{88E79821-396B-4A09-AAAD-5072737F4781} = {574CDEEE-9F2A-4929-BEE3-A35A3139982C}
		{D4F3DABF-D128-469E-9272-5C8EF07EE1C8} = {574CDEEE-9F2A-4929-BEE3-A35A3139982C}
		{EC300097-957C-468F-B03C-B526014CA7C4} = {5074E394-1454-4CA5-A81A-DCD944AE1769}
		{40E68B1E-7251-4A4D-9413-F5957159BBA3} = {5074E394-1454-4CA5-A81A-DCD944AE1769}
		{C1632D81-A444-42A3-AD5B-670B3F1D4E35} = {5074E394-1454-4CA5-A81A-DCD944AE1769}
		{16C329F2-9F5F-4197-9A07-4C0FAE521D7D} = {650750C9-68EC-46ED-9DB7-925E63542D58}
		{0B3C81DA-519A-4312-B230-8177F45BB612} = {650750C9-68EC-46ED-9DB7-925E63542D58}
		{4F65A60E-EC41-49EB-9A65-536E1CE5B8E2} = {650750C9-68EC-46ED-9DB7-925E63542D58}
		{6E10A86C-4D18-4ABD-AAED-0AE73D91283E} = {C30F1E61-EB45-4C01-B9C0-4DA01BD5CA11}
		{9B4B79A8-A6E2-4FDF-BE47-7D6A73159AA5} = {C30F1E61-EB45-4C01-B9C0-4DA01BD5CA11}
	EndGlobalSection
	GlobalSection(ExtensibilityGlobals) = postSolution
		SolutionGuid = {9DB9E506-2584-435B-8432-DADEAD6BE62D}
	EndGlobalSection
EndGlobal
